{
    "version": "0.5",
    "requires": [
        "xorg/system#87ea3cbfa907ff490f4ece2f5fa3dbb9%1781197504.821",
        "stb/cci.20220909#9fdd7ba3cded1d0560cd366e2003d853%1720366013.797",
        "raylib/6.0#4e39a8be96a10eb27035f97e83620a2d%1778514330.619",
        "opengl/system#cfcf523b9d2bad75cbf377f56562634c%1762526044.744",
        "nlohmann_json/3.12.0#2d634ab0ec8d9f56353e5ccef6d6612c%1744735883.94",
        "json-schema-validator/2.4.0#7a91b14f71f961c2d94a52bd8353d519%1765954078.009",
        "gtest/1.17.0#5224b3b3ff3b4ce1133cbdd27d53ee7d%1755784855.585",
        "glm/1.0.1#c0f71fade2e9abf19fba94615b2243ae%1781764384.671",
        "glfw/3.4#41cc24c744dc4c80571f5dd10dcd9cda%1732635892.515"
    ],
    "build_requires": [
        "cmake/4.4.0#a5dd5d73bd9fc56b0fc3163a04573dc8%1784051561.926"
    ],
    "python_requires": [],
    "overrides": {
        "nlohmann_json/3.11.3": [
            "nlohmann_json/3.12.0"
        ]
    },
    "config_requires": []
}
