{
    "version": "0.5",
    "requires": [
        "nlohmann_json/3.12.0#2d634ab0ec8d9f56353e5ccef6d6612c%1744735883.94",
        "json-schema-validator/2.4.0#7a91b14f71f961c2d94a52bd8353d519%1765954078.009",
        "gtest/1.17.0#5224b3b3ff3b4ce1133cbdd27d53ee7d%1755784855.585"
    ],
    "build_requires": [
        "cmake/4.4.0#a5dd5d73bd9fc56b0fc3163a04573dc8%1784051561.926"
    ],
    "python_requires": [],
    "overrides": {
        "nlohmann_json/3.11.3": [
            "nlohmann_json/3.12.0"
        ]
    },
    "config_requires": []
}
